
Microsoft Visual Studio Solution File, Format Version 12.00
# Visual Studio Version 16
VisualStudioVersion = 16.0.31911.196
MinimumVisualStudioVersion = 10.0.40219.1
Project("{FAE04EC0-301F-11D3-BF4B-00C04F79EFBC}") = "z0", "z0\z0.csproj", "{F9EF3B53-4F68-421C-BD99-9ECF874DFAA3}"
EndProject
Global
	GlobalSection(SolutionConfigurationPlatforms) = preSolution
		Debug|Any CPU = Debug|Any CPU
		Release|Any CPU = Release|Any CPU
	EndGlobalSection
	GlobalSection(ProjectConfigurationPlatforms) = postSolution
		{F9EF3B53-4F68-421C-BD99-9ECF874DFAA3}.Debug|Any CPU.ActiveCfg = Debug|Any CPU
		{F9EF3B53-4F68-421C-BD99-9ECF874DFAA3}.Debug|Any CPU.Build.0 = Debug|Any CPU
		{F9EF3B53-4F68-421C-BD99-9ECF874DFAA3}.Release|Any CPU.ActiveCfg = Release|Any CPU
		{F9EF3B53-4F68-421C-BD99-9ECF874DFAA3}.Release|Any CPU.Build.0 = Release|Any CPU
	EndGlobalSection
	GlobalSection(SolutionProperties) = preSolution
		HideSolutionNode = FALSE
	EndGlobalSection
	GlobalSection(ExtensibilityGlobals) = postSolution
		SolutionGuid = {B7880ED3-365B-40AE-B774-43CD1C6A7CD0}
	EndGlobalSection
EndGlobal
